
Microsoft Visual Studio Solution File, Format Version 12.00
# Visual Studio Version 17
VisualStudioVersion = 17.14.37531.7
MinimumVisualStudioVersion = 10.0.40219.1
Project("{FAE04EC0-301F-11D3-BF4B-00C04F79EFBC}") = "Mailapelistatistiikka", "Mailapelistatistiikka\Mailapelistatistiikka.csproj", "{2864B286-24D6-4315-8DAE-91C380881FA2}"
EndProject
Project("{54435603-DBB4-11D2-8724-00A0C9A8B90C}") = "MailapelistatistiikkaSetup", "MailapelistatistiikkaSetup\MailapelistatistiikkaSetup.vdproj", "{9FC4BF51-A968-AFAA-97E7-05D43B283156}"
EndProject
Global
	GlobalSection(SolutionConfigurationPlatforms) = preSolution
		Debug|Any CPU = Debug|Any CPU
		Release|Any CPU = Release|Any CPU
	EndGlobalSection
	GlobalSection(ProjectConfigurationPlatforms) = postSolution
		{2864B286-24D6-4315-8DAE-91C380881FA2}.Debug|Any CPU.ActiveCfg = Debug|Any CPU
		{2864B286-24D6-4315-8DAE-91C380881FA2}.Debug|Any CPU.Build.0 = Debug|Any CPU
		{2864B286-24D6-4315-8DAE-91C380881FA2}.Release|Any CPU.ActiveCfg = Release|Any CPU
		{2864B286-24D6-4315-8DAE-91C380881FA2}.Release|Any CPU.Build.0 = Release|Any CPU
		{9FC4BF51-A968-AFAA-97E7-05D43B283156}.Debug|Any CPU.ActiveCfg = Debug
		{9FC4BF51-A968-AFAA-97E7-05D43B283156}.Release|Any CPU.ActiveCfg = Release
	EndGlobalSection
	GlobalSection(SolutionProperties) = preSolution
		HideSolutionNode = FALSE
	EndGlobalSection
	GlobalSection(ExtensibilityGlobals) = postSolution
		SolutionGuid = {31F0423E-C8A8-4E6A-8930-33972385A751}
	EndGlobalSection
EndGlobal
